
Microsoft Visual Studio Solution File, Format Version 12.00
# Visual Studio Version 16
VisualStudioVersion = 16.0.29613.14
MinimumVisualStudioVersion = 10.0.40219.1
Project("{778DAE3C-4631-46EA-AA77-85C1314464D9}") = "Auto Patcher", "Auto Patcher\Auto Patcher.vbproj", "{FB42584E-4116-483A-A988-C39118A84D7F}"
EndProject
Global
	GlobalSection(SolutionConfigurationPlatforms) = preSolution
		Debug|Any CPU = Debug|Any CPU
		Debug|x64 = Debug|x64
		Release|Any CPU = Release|Any CPU
		Release|x64 = Release|x64
	EndGlobalSection
	GlobalSection(ProjectConfigurationPlatforms) = postSolution
		{FB42584E-4116-483A-A988-C39118A84D7F}.Debug|Any CPU.ActiveCfg = Release|Any CPU
		{FB42584E-4116-483A-A988-C39118A84D7F}.Debug|Any CPU.Build.0 = Release|Any CPU
		{FB42584E-4116-483A-A988-C39118A84D7F}.Debug|x64.ActiveCfg = Debug|Any CPU
		{FB42584E-4116-483A-A988-C39118A84D7F}.Debug|x64.Build.0 = Debug|Any CPU
		{FB42584E-4116-483A-A988-C39118A84D7F}.Release|Any CPU.ActiveCfg = Release|Any CPU
		{FB42584E-4116-483A-A988-C39118A84D7F}.Release|Any CPU.Build.0 = Release|Any CPU
		{FB42584E-4116-483A-A988-C39118A84D7F}.Release|x64.ActiveCfg = Release|Any CPU
		{FB42584E-4116-483A-A988-C39118A84D7F}.Release|x64.Build.0 = Release|Any CPU
	EndGlobalSection
	GlobalSection(SolutionProperties) = preSolution
		HideSolutionNode = FALSE
	EndGlobalSection
	GlobalSection(ExtensibilityGlobals) = postSolution
		SolutionGuid = {EB380CCC-36B2-4675-9223-4DC94074541A}
	EndGlobalSection
EndGlobal
